// !$*UTF8*$!
{
	archiveVersion = 1;
	classes = {
	};
	objectVersion = 50;
	objects = {

/* Begin PBXBuildFile section */
		46501CE6259F594500C9BC2D /* AppDelegate.swift in Sources */ = {isa = PBXBuildFile; fileRef = 46501CE5259F594500C9BC2D /* AppDelegate.swift */; };
		46501CE8259F594500C9BC2D /* SceneDelegate.swift in Sources */ = {isa = PBXBuildFile; fileRef = 46501CE7259F594500C9BC2D /* SceneDelegate.swift */; };
		46501CEA259F594500C9BC2D /* ViewController.swift in Sources */ = {isa = PBXBuildFile; fileRef = 46501CE9259F594500C9BC2D /* ViewController.swift */; };
		46501CED259F594500C9BC2D /* Main.storyboard in Resources */ = {isa = PBXBuildFile; fileRef = 46501CEB259F594500C9BC2D /* Main.storyboard */; };
		46501CF0259F594500C9BC2D /* SquadDemo.xcdatamodeld in Sources */ = {isa = PBXBuildFile; fileRef = 46501CEE259F594500C9BC2D /* SquadDemo.xcdatamodeld */; };
		46501CF2259F594700C9BC2D /* Assets.xcassets in Resources */ = {isa = PBXBuildFile; fileRef = 46501CF1259F594700C9BC2D /* Assets.xcassets */; };
		46501CF5259F594700C9BC2D /* LaunchScreen.storyboard in Resources */ = {isa = PBXBuildFile; fileRef = 46501CF3259F594700C9BC2D /* LaunchScreen.storyboard */; };
/* End PBXBuildFile section */

/* Begin PBXFileReference section */
		46501CE2259F594500C9BC2D /* SquadDemo.app */ = {isa = PBXFileReference; explicitFileType = wrapper.application; includeInIndex = 0; path = SquadDemo.app; sourceTree = BUILT_PRODUCTS_DIR; };
		46501CE5259F594500C9BC2D /* AppDelegate.swift */ = {isa = PBXFileReference; lastKnownFileType = sourcecode.swift; path = AppDelegate.swift; sourceTree = "<group>"; };
		46501CE7259F594500C9BC2D /* SceneDelegate.swift */ = {isa = PBXFileReference; lastKnownFileType = sourcecode.swift; path = SceneDelegate.swift; sourceTree = "<group>"; };
		46501CE9259F594500C9BC2D /* ViewController.swift */ = {isa = PBXFileReference; lastKnownFileType = sourcecode.swift; path = ViewController.swift; sourceTree = "<group>"; };
		46501CEC259F594500C9BC2D /* Base */ = {isa = PBXFileReference; lastKnownFileType = file.storyboard; name = Base; path = Base.lproj/Main.storyboard; sourceTree = "<group>"; };
		46501CEF259F594500C9BC2D /* SquadDemo.xcdatamodel */ = {isa = PBXFileReference; lastKnownFileType = wrapper.xcdatamodel; path = SquadDemo.xcdatamodel; sourceTree = "<group>"; };
		46501CF1259F594700C9BC2D /* Assets.xcassets */ = {isa = PBXFileReference; lastKnownFileType = folder.assetcatalog; path = Assets.xcassets; sourceTree = "<group>"; };
		46501CF4259F594700C9BC2D /* Base */ = {isa = PBXFileReference; lastKnownFileType = file.storyboard; name = Base; path = Base.lproj/LaunchScreen.storyboard; sourceTree = "<group>"; };
		46501CF6259F594700C9BC2D /* Info.plist */ = {isa = PBXFileReference; lastKnownFileType = text.plist.xml; path = Info.plist; sourceTree = "<group>"; };
/* End PBXFileReference section */

/* Begin PBXFrameworksBuildPhase section */
		46501CDF259F594500C9BC2D /* Frameworks */ = {
			isa = PBXFrameworksBuildPhase;
			buildActionMask = 2147483647;
			files = (
			);
			runOnlyForDeploymentPostprocessing = 0;
		};
/* End PBXFrameworksBuildPhase section */

/* Begin PBXGroup section */
		46501CD9259F594500C9BC2D = {
			isa = PBXGroup;
			children = (
				46501CE4259F594500C9BC2D /* SquadDemo */,
				46501CE3259F594500C9BC2D /* Products */,
			);
			sourceTree = "<group>";
		};
		46501CE3259F594500C9BC2D /* Products */ = {
			isa = PBXGroup;
			children = (
				46501CE2259F594500C9BC2D /* SquadDemo.app */,
			);
			name = Products;
			sourceTree = "<group>";
		};
		46501CE4259F594500C9BC2D /* SquadDemo */ = {
			isa = PBXGroup;
			children = (
				46501CE5259F594500C9BC2D /* AppDelegate.swift */,
				46501CE7259F594500C9BC2D /* SceneDelegate.swift */,
				46501CE9259F594500C9BC2D /* ViewController.swift */,
				46501CEB259F594500C9BC2D /* Main.storyboard */,
				46501CF1259F594700C9BC2D /* Assets.xcassets */,
				46501CF3259F594700C9BC2D /* LaunchScreen.storyboard */,
				46501CF6259F594700C9BC2D /* Info.plist */,
				46501CEE259F594500C9BC2D /* SquadDemo.xcdatamodeld */,
			);
			path = SquadDemo;
			sourceTree = "<group>";
		};
/* End PBXGroup section */

/* Begin PBXNativeTarget section */
		46501CE1259F594500C9BC2D /* SquadDemo */ = {
			isa = PBXNativeTarget;
			buildConfigurationList = 46501CF9259F594700C9BC2D /* Build configuration list for PBXNativeTarget "SquadDemo" */;
			buildPhases = (
				46501CDE259F594500C9BC2D /* Sources */,
				46501CDF259F594500C9BC2D /* Frameworks */,
				46501CE0259F594500C9BC2D /* Resources */,
			);
			buildRules = (
			);
			dependencies = (
			);
			name = SquadDemo;
			productName = SquadDemo;
			productReference = 46501CE2259F594500C9BC2D /* SquadDemo.app */;
			productType = "com.apple.product-type.application";
		};
/* End PBXNativeTarget section */

/* Begin PBXProject section */
		46501CDA259F594500C9BC2D /* Project object */ = {
			isa = PBXProject;
			attributes = {
				LastSwiftUpdateCheck = 1220;
				LastUpgradeCheck = 1220;
				TargetAttributes = {
					46501CE1259F594500C9BC2D = {
						CreatedOnToolsVersion = 12.2;
					};
				};
			};
			buildConfigurationList = 46501CDD259F594500C9BC2D /* Build configuration list for PBXProject "SquadDemo" */;
			compatibilityVersion = "Xcode 9.3";
			developmentRegion = en;
			hasScannedForEncodings = 0;
			knownRegions = (
				en,
				Base,
			);
			mainGroup = 46501CD9259F594500C9BC2D;
			productRefGroup = 46501CE3259F594500C9BC2D /* Products */;
			projectDirPath = "";
			projectRoot = "";
			targets = (
				46501CE1259F594500C9BC2D /* SquadDemo */,
			);
		};
/* End PBXProject section */

/* Begin PBXResourcesBuildPhase section */
		46501CE0259F594500C9BC2D /* Resources */ = {
			isa = PBXResourcesBuildPhase;
			buildActionMask = 2147483647;
			files = (
				46501CF5259F594700C9BC2D /* LaunchScreen.storyboard in Resources */,
				46501CF2259F594700C9BC2D /* Assets.xcassets in Resources */,
				46501CED259F594500C9BC2D /* Main.storyboard in Resources */,
			);
			runOnlyForDeploymentPostprocessing = 0;
		};
/* End PBXResourcesBuildPhase section */

/* Begin PBXSourcesBuildPhase section */
		46501CDE259F594500C9BC2D /* Sources */ = {
			isa = PBXSourcesBuildPhase;
			buildActionMask = 2147483647;
			files = (
				46501CEA259F594500C9BC2D /* ViewController.swift in Sources */,
				46501CF0259F594500C9BC2D /* SquadDemo.xcdatamodeld in Sources */,
				46501CE6259F594500C9BC2D /* AppDelegate.swift in Sources */,
				46501CE8259F594500C9BC2D /* SceneDelegate.swift in Sources */,
			);
			runOnlyForDeploymentPostprocessing = 0;
		};
/* End PBXSourcesBuildPhase section */

/* Begin PBXVariantGroup section */
		46501CEB259F594500C9BC2D /* Main.storyboard */ = {
			isa = PBXVariantGroup;
			children = (
				46501CEC259F594500C9BC2D /* Base */,
			);
			name = Main.storyboard;
			sourceTree = "<group>";
		};
		46501CF3259F594700C9BC2D /* LaunchScreen.storyboard */ = {
			isa = PBXVariantGroup;
			children = (
				46501CF4259F594700C9BC2D /* Base */,
			);
			name = LaunchScreen.storyboard;
			sourceTree = "<group>";
		};
/* End PBXVariantGroup section */

/* Begin XCBuildConfiguration section */
		46501CF7259F594700C9BC2D /* Debug */ = {
			isa = XCBuildConfiguration;
			buildSettings = {
				ALWAYS_SEARCH_USER_PATHS = NO;
				CLANG_ANALYZER_NONNULL = YES;
				CLANG_ANALYZER_NUMBER_OBJECT_CONVERSION = YES_AGGRESSIVE;
				CLANG_CXX_LANGUAGE_STANDARD = "gnu++14";
				CLANG_CXX_LIBRARY = "libc++";
				CLANG_ENABLE_MODULES = YES;
				CLANG_ENABLE_OBJC_ARC = YES;
				CLANG_ENABLE_OBJC_WEAK = YES;
				CLANG_WARN_BLOCK_CAPTURE_AUTORELEASING = YES;
				CLANG_WARN_BOOL_CONVERSION = YES;
				CLANG_WARN_COMMA = YES;
				CLANG_WARN_CONSTANT_CONVERSION = YES;
				CLANG_WARN_DEPRECATED_OBJC_IMPLEMENTATIONS = YES;
				CLANG_WARN_DIRECT_OBJC_ISA_USAGE = YES_ERROR;
				CLANG_WARN_DOCUMENTATION_COMMENTS = YES;
				CLANG_WARN_EMPTY_BODY = YES;
				CLANG_WARN_ENUM_CONVERSION = YES;
				CLANG_WARN_INFINITE_RECURSION = YES;
				CLANG_WARN_INT_CONVERSION = YES;
				CLANG_WARN_NON_LITERAL_NULL_CONVERSION = YES;
				CLANG_WARN_OBJC_IMPLICIT_RETAIN_SELF = YES;
				CLANG_WARN_OBJC_LITERAL_CONVERSION = YES;
				CLANG_WARN_OBJC_ROOT_CLASS = YES_ERROR;
				CLANG_WARN_QUOTED_INCLUDE_IN_FRAMEWORK_HEADER = YES;
				CLANG_WARN_RANGE_LOOP_ANALYSIS = YES;
				CLANG_WARN_STRICT_PROTOTYPES = YES;
				CLANG_WARN_SUSPICIOUS_MOVE = YES;
				CLANG_WARN_UNGUARDED_AVAILABILITY = YES_AGGRESSIVE;
				CLANG_WARN_UNREACHABLE_CODE = YES;
				CLANG_WARN__DUPLICATE_METHOD_MATCH = YES;
				COPY_PHASE_STRIP = NO;
				DEBUG_INFORMATION_FORMAT = dwarf;
				ENABLE_STRICT_OBJC_MSGSEND = YES;
				ENABLE_TESTABILITY = YES;
				GCC_C_LANGUAGE_STANDARD = gnu11;
				GCC_DYNAMIC_NO_PIC = NO;
				GCC_NO_COMMON_BLOCKS = YES;
				GCC_OPTIMIZATION_LEVEL = 0;
				GCC_PREPROCESSOR_DEFINITIONS = (
					"DEBUG=1",
					"$(inherited)",
				);
				GCC_WARN_64_TO_32_BIT_CONVERSION = YES;
				GCC_WARN_ABOUT_RETURN_TYPE = YES_ERROR;
				GCC_WARN_UNDECLARED_SELECTOR = YES;
				GCC_WARN_UNINITIALIZED_AUTOS = YES_AGGRESSIVE;
				GCC_WARN_UNUSED_FUNCTION = YES;
				GCC_WARN_UNUSED_VARIABLE = YES;
				IPHONEOS_DEPLOYMENT_TARGET = 14.2;
				MTL_ENABLE_DEBUG_INFO = INCLUDE_SOURCE;
				MTL_FAST_MATH = YES;
				ONLY_ACTIVE_ARCH = YES;
				SDKROOT = iphoneos;
				SWIFT_ACTIVE_COMPILATION_CONDITIONS = DEBUG;
				SWIFT_OPTIMIZATION_LEVEL = "-Onone";
			};
			name = Debug;
		};
		46501CF8259F594700C9BC2D /* Release */ = {
			isa = XCBuildConfiguration;
			buildSettings = {
				ALWAYS_SEARCH_USER_PATHS = NO;
				CLANG_ANALYZER_NONNULL = YES;
				CLANG_ANALYZER_NUMBER_OBJECT_CONVERSION = YES_AGGRESSIVE;
				CLANG_CXX_LANGUAGE_STANDARD = "gnu++14";
				CLANG_CXX_LIBRARY = "libc++";
				CLANG_ENABLE_MODULES = YES;
				CLANG_ENABLE_OBJC_ARC = YES;
				CLANG_ENABLE_OBJC_WEAK = YES;
				CLANG_WARN_BLOCK_CAPTURE_AUTORELEASING = YES;
				CLANG_WARN_BOOL_CONVERSION = YES;
				CLANG_WARN_COMMA = YES;
				CLANG_WARN_CONSTANT_CONVERSION = YES;
				CLANG_WARN_DEPRECATED_OBJC_IMPLEMENTATIONS = YES;
				CLANG_WARN_DIRECT_OBJC_ISA_USAGE = YES_ERROR;
				CLANG_WARN_DOCUMENTATION_COMMENTS = YES;
				CLANG_WARN_EMPTY_BODY = YES;
				CLANG_WARN_ENUM_CONVERSION = YES;
				CLANG_WARN_INFINITE_RECURSION = YES;
				CLANG_WARN_INT_CONVERSION = YES;
				CLANG_WARN_NON_LITERAL_NULL_CONVERSION = YES;
				CLANG_WARN_OBJC_IMPLICIT_RETAIN_SELF = YES;
				CLANG_WARN_OBJC_LITERAL_CONVERSION = YES;
				CLANG_WARN_OBJC_ROOT_CLASS = YES_ERROR;
				CLANG_WARN_QUOTED_INCLUDE_IN_FRAMEWORK_HEADER = YES;
				CLANG_WARN_RANGE_LOOP_ANALYSIS = YES;
				CLANG_WARN_STRICT_PROTOTYPES = YES;
				CLANG_WARN_SUSPICIOUS_MOVE = YES;
				CLANG_WARN_UNGUARDED_AVAILABILITY = YES_AGGRESSIVE;
				CLANG_WARN_UNREACHABLE_CODE = YES;
				CLANG_WARN__DUPLICATE_METHOD_MATCH = YES;
				COPY_PHASE_STRIP = NO;
				DEBUG_INFORMATION_FORMAT = "dwarf-with-dsym";
				ENABLE_NS_ASSERTIONS = NO;
				ENABLE_STRICT_OBJC_MSGSEND = YES;
				GCC_C_LANGUAGE_STANDARD = gnu11;
				GCC_NO_COMMON_BLOCKS = YES;
				GCC_WARN_64_TO_32_BIT_CONVERSION = YES;
				GCC_WARN_ABOUT_RETURN_TYPE = YES_ERROR;
				GCC_WARN_UNDECLARED_SELECTOR = YES;
				GCC_WARN_UNINITIALIZED_AUTOS = YES_AGGRESSIVE;
				GCC_WARN_UNUSED_FUNCTION = YES;
				GCC_WARN_UNUSED_VARIABLE = YES;
				IPHONEOS_DEPLOYMENT_TARGET = 14.2;
				MTL_ENABLE_DEBUG_INFO = NO;
				MTL_FAST_MATH = YES;
				SDKROOT = iphoneos;
				SWIFT_COMPILATION_MODE = wholemodule;
				SWIFT_OPTIMIZATION_LEVEL = "-O";
				VALIDATE_PRODUCT = YES;
			};
			name = Release;
		};
		46501CFA259F594700C9BC2D /* Debug */ = {
			isa = XCBuildConfiguration;
			buildSettings = {
				ASSETCATALOG_COMPILER_APPICON_NAME = AppIcon;
				ASSETCATALOG_COMPILER_GLOBAL_ACCENT_COLOR_NAME = AccentColor;
				CODE_SIGN_STYLE = Automatic;
				DEVELOPMENT_TEAM = N2WN52H8VA;
				INFOPLIST_FILE = SquadDemo/Info.plist;
				LD_RUNPATH_SEARCH_PATHS = (
					"$(inherited)",
					"@executable_path/Frameworks",
				);
				PRODUCT_BUNDLE_IDENTIFIER = HealthDekho.SquadDemo;
				PRODUCT_NAME = "$(TARGET_NAME)";
				SWIFT_VERSION = 5.0;
				TARGETED_DEVICE_FAMILY = "1,2";
			};
			name = Debug;
		};
		46501CFB259F594700C9BC2D /* Release */ = {
			isa = XCBuildConfiguration;
			buildSettings = {
				ASSETCATALOG_COMPILER_APPICON_NAME = AppIcon;
				ASSETCATALOG_COMPILER_GLOBAL_ACCENT_COLOR_NAME = AccentColor;
				CODE_SIGN_STYLE = Automatic;
				DEVELOPMENT_TEAM = N2WN52H8VA;
				INFOPLIST_FILE = SquadDemo/Info.plist;
				LD_RUNPATH_SEARCH_PATHS = (
					"$(inherited)",
					"@executable_path/Frameworks",
				);
				PRODUCT_BUNDLE_IDENTIFIER = HealthDekho.SquadDemo;
				PRODUCT_NAME = "$(TARGET_NAME)";
				SWIFT_VERSION = 5.0;
				TARGETED_DEVICE_FAMILY = "1,2";
			};
			name = Release;
		};
/* End XCBuildConfiguration section */

/* Begin XCConfigurationList section */
		46501CDD259F594500C9BC2D /* Build configuration list for PBXProject "SquadDemo" */ = {
			isa = XCConfigurationList;
			buildConfigurations = (
				46501CF7259F594700C9BC2D /* Debug */,
				46501CF8259F594700C9BC2D /* Release */,
			);
			defaultConfigurationIsVisible = 0;
			defaultConfigurationName = Release;
		};
		46501CF9259F594700C9BC2D /* Build configuration list for PBXNativeTarget "SquadDemo" */ = {
			isa = XCConfigurationList;
			buildConfigurations = (
				46501CFA259F594700C9BC2D /* Debug */,
				46501CFB259F594700C9BC2D /* Release */,
			);
			defaultConfigurationIsVisible = 0;
			defaultConfigurationName = Release;
		};
/* End XCConfigurationList section */

/* Begin XCVersionGroup section */
		46501CEE259F594500C9BC2D /* SquadDemo.xcdatamodeld */ = {
			isa = XCVersionGroup;
			children = (
				46501CEF259F594500C9BC2D /* SquadDemo.xcdatamodel */,
			);
			currentVersion = 46501CEF259F594500C9BC2D /* SquadDemo.xcdatamodel */;
			path = SquadDemo.xcdatamodeld;
			sourceTree = "<group>";
			versionGroupType = wrapper.xcdatamodel;
		};
/* End XCVersionGroup section */
	};
	rootObject = 46501CDA259F594500C9BC2D /* Project object */;
}
